
Microsoft Visual Studio Solution File, Format Version 12.00
# Visual Studio Version 17
VisualStudioVersion = 17.8.34309.116
MinimumVisualStudioVersion = 10.0.40219.1
Project("{FAE04EC0-301F-11D3-BF4B-00C04F79EFBC}") = "Tic-Tac-Toc", "Tic-Tac-Toc.csproj", "{69282715-8567-46C7-92A3-F97194B56FB8}"
EndProject
Global
	GlobalSection(SolutionConfigurationPlatforms) = preSolution
		Debug|Any CPU = Debug|Any CPU
		Release|Any CPU = Release|Any CPU
	EndGlobalSection
	GlobalSection(ProjectConfigurationPlatforms) = postSolution
		{69282715-8567-46C7-92A3-F97194B56FB8}.Debug|Any CPU.ActiveCfg = Debug|Any CPU
		{69282715-8567-46C7-92A3-F97194B56FB8}.Debug|Any CPU.Build.0 = Debug|Any CPU
		{69282715-8567-46C7-92A3-F97194B56FB8}.Release|Any CPU.ActiveCfg = Release|Any CPU
		{69282715-8567-46C7-92A3-F97194B56FB8}.Release|Any CPU.Build.0 = Release|Any CPU
	EndGlobalSection
	GlobalSection(SolutionProperties) = preSolution
		HideSolutionNode = FALSE
	EndGlobalSection
	GlobalSection(ExtensibilityGlobals) = postSolution
		SolutionGuid = {B5DE3876-1EF6-4FE3-9384-231C081B6CE2}
	EndGlobalSection
EndGlobal
